PODS:
  - AgoraRtcEngine_iOS (3.4.4)
  - AgoraUIKit_iOS (1.5.0):
    - AgoraRtcEngine_iOS (~> 3.4.0)
  - Alamofire (5.4.1)
  - CalendarKit (1.0.7)
  - DatePickerDialog (4.0)
  - PryntTrimmerView (4.0.2)
  - SDWebImage (5.10.4):
    - SDWebImage/Core (= 5.10.4)
  - SDWebImage/Core (5.10.4)
  - SideMenu (6.5.0)
  - SteviaLayout (4.7.3)
  - Stripe (21.3.1):
    - Stripe/Stripe3DS2 (= 21.3.1)
  - Stripe/Stripe3DS2 (21.3.1)
  - YPImagePicker (4.4.0):
    - PryntTrimmerView (~> 4.0.2)
    - SteviaLayout (~> 4.7.3)

DEPENDENCIES:
  - AgoraRtcEngine_iOS
  - AgoraUIKit_iOS
  - Alamofire
  - CalendarKit
  - DatePickerDialog
  - SDWebImage
  - SideMenu
  - Stripe
  - YPImagePicker

SPEC REPOS:
  trunk:
    - AgoraRtcEngine_iOS
    - AgoraUIKit_iOS
    - Alamofire
    - CalendarKit
    - DatePickerDialog
    - PryntTrimmerView
    - SDWebImage
    - SideMenu
    - SteviaLayout
    - Stripe
    - YPImagePicker

SPEC CHECKSUMS:
  AgoraRtcEngine_iOS: a63b9cc61cffc9dfc59e64617e477407b394c5fe
  AgoraUIKit_iOS: b4c2f58c2a12afeeafef031e0c1ceee37070d023
  Alamofire: 2291f7d21ca607c491dd17642e5d40fdcda0e65c
  CalendarKit: 133cfd0e96ea93ca69cdae01f7de29987171779d
  DatePickerDialog: ccff2f91ff7a018057a4d72fa5ad6de49c8cb0cd
  PryntTrimmerView: 6a43cc90df5d99addeabd33d4ba09b1365322130
  SDWebImage: c666b97e1fa9c64b4909816a903322018f0a9c84
  SideMenu: f583187d21c5b1dd04c72002be544b555a2627a2
  SteviaLayout: c2ecdcff57d44e38fd2f65e54ad52aeae28ca0c4
  Stripe: 326a2160ac541eeffafb8b1aa0c9712e3ce8cec7
  YPImagePicker: 15aed8bcaa4dad976e11b6114126d731a2f9f3c9

PODFILE CHECKSUM: ee9f5fe17866d3bb4c143c3cd73e7208f5dc687b

COCOAPODS: 1.10.0
